{
  "version": 4,
  "terraform_version": "1.1.7",
  "serial": 41,
  "lineage": "a8959bc6-75bd-945d-e747-d1a48157a988",
  "outputs": {
    "pet-name": {
      "value": "Mrs.dashing.ocelot",
      "type": "string"
    },
    "pets": {
      "value": {
        "/root/cats.txt": {
          "content": "My favorite pet is Mrs.dashing.ocelot",
          "content_base64": null,
          "directory_permission": "0777",
          "file_permission": "0700",
          "filename": "/root/cats.txt",
          "id": "2f44bc28b1125541ca245c1ff9ce442684c4a502",
          "sensitive_content": null,
          "source": null
        },
        "/root/dogs.txt": {
          "content": "My favorite pet is Mrs.dashing.ocelot",
          "content_base64": null,
          "directory_permission": "0777",
          "file_permission": "0700",
          "filename": "/root/dogs.txt",
          "id": "2f44bc28b1125541ca245c1ff9ce442684c4a502",
          "sensitive_content": null,
          "source": null
        }
      },
      "type": [
        "object",
        {
          "/root/cats.txt": [
            "object",
            {
              "content": "string",
              "content_base64": "string",
              "directory_permission": "string",
              "file_permission": "string",
              "filename": "string",
              "id": "string",
              "sensitive_content": "string",
              "source": "string"
            }
          ],
          "/root/dogs.txt": [
            "object",
            {
              "content": "string",
              "content_base64": "string",
              "directory_permission": "string",
              "file_permission": "string",
              "filename": "string",
              "id": "string",
              "sensitive_content": "string",
              "source": "string"
            }
          ]
        }
      ],
      "sensitive": true
    }
  },
  "resources": [
    {
      "mode": "managed",
      "type": "local_file",
      "name": "cat",
      "provider": "provider[\"registry.terraform.io/hashicorp/local\"]",
      "instances": [
        {
          "schema_version": 0,
          "attributes": {
            "content": "We love cats :/!",
            "content_base64": null,
            "directory_permission": "0777",
            "file_permission": "0700",
            "filename": "/root/cat.txt",
            "id": "6c95a9acf94518a3781860a616c2c8ec21b1cac7",
            "sensitive_content": null,
            "source": null
          },
          "sensitive_attributes": [],
          "private": "bnVsbA=="
        }
      ]
    },
    {
      "mode": "managed",
      "type": "local_file",
      "name": "pet",
      "provider": "provider[\"registry.terraform.io/hashicorp/local\"]",
      "instances": [
        {
          "index_key": "/root/cats.txt",
          "schema_version": 0,
          "attributes": {
            "content": "My favorite pet is Mrs.dashing.ocelot",
            "content_base64": null,
            "directory_permission": "0777",
            "file_permission": "0700",
            "filename": "/root/cats.txt",
            "id": "2f44bc28b1125541ca245c1ff9ce442684c4a502",
            "sensitive_content": null,
            "source": null
          },
          "sensitive_attributes": [],
          "private": "bnVsbA==",
          "dependencies": [
            "random_pet.my-pet"
          ],
          "create_before_destroy": true
        },
        {
          "index_key": "/root/dogs.txt",
          "schema_version": 0,
          "attributes": {
            "content": "My favorite pet is Mrs.dashing.ocelot",
            "content_base64": null,
            "directory_permission": "0777",
            "file_permission": "0700",
            "filename": "/root/dogs.txt",
            "id": "2f44bc28b1125541ca245c1ff9ce442684c4a502",
            "sensitive_content": null,
            "source": null
          },
          "sensitive_attributes": [],
          "private": "bnVsbA==",
          "dependencies": [
            "random_pet.my-pet"
          ],
          "create_before_destroy": true
        }
      ]
    },
    {
      "mode": "managed",
      "type": "random_pet",
      "name": "my-pet",
      "provider": "provider[\"registry.terraform.io/hashicorp/random\"]",
      "instances": [
        {
          "schema_version": 0,
          "attributes": {
            "id": "Mrs.dashing.ocelot",
            "keepers": null,
            "length": 2,
            "prefix": "Mrs",
            "separator": "."
          },
          "sensitive_attributes": [],
          "private": "bnVsbA==",
          "create_before_destroy": true
        }
      ]
    }
  ]
}
